
Microsoft Visual Studio Solution File, Format Version 12.00
# Visual Studio 14
VisualStudioVersion = 14.0.23107.0
MinimumVisualStudioVersion = 10.0.40219.1
Project("{8BC9CEB8-8B4A-11D0-8D11-00A0C91BC942}") = "App", "App\App.vcxproj", "{8F5CDEAD-0983-4970-B855-8994B51AB666}"
	ProjectSection(ProjectDependencies) = postProject
		{C9B02C0E-F23D-433A-A8CD-5460FA61B2C2} = {C9B02C0E-F23D-433A-A8CD-5460FA61B2C2}
		{AB7F200F-EE15-4341-9084-8D0397CF10CA} = {AB7F200F-EE15-4341-9084-8D0397CF10CA}
		{3E283F37-A4ED-41B7-A3E6-A2D89D131A30} = {3E283F37-A4ED-41B7-A3E6-A2D89D131A30}
		{BB69DA3C-3AD3-4F78-BA89-9E07DC37CB7F} = {BB69DA3C-3AD3-4F78-BA89-9E07DC37CB7F}
		{473C6754-FD28-4804-A521-9368398B81DC} = {473C6754-FD28-4804-A521-9368398B81DC}
		{2A848C59-9BA3-4043-B627-6751BA70ABF5} = {2A848C59-9BA3-4043-B627-6751BA70ABF5}
		{172392A8-D69D-4DAE-9A4A-9511D946407D} = {172392A8-D69D-4DAE-9A4A-9511D946407D}
		{BE871AA9-843C-4EAF-9D06-07F2A5B72AA7} = {BE871AA9-843C-4EAF-9D06-07F2A5B72AA7}
		{5AEE04AB-7E66-4440-989A-5A7B794AEE44} = {5AEE04AB-7E66-4440-989A-5A7B794AEE44}
		{5CE3DEF8-5291-4F88-A08D-F0751158A987} = {5CE3DEF8-5291-4F88-A08D-F0751158A987}
	EndProjectSection
EndProject
Project("{8BC9CEB8-8B4A-11D0-8D11-00A0C91BC942}") = "AlacCodec", "AlacCodec\AlacCodec.vcxproj", "{2A848C59-9BA3-4043-B627-6751BA70ABF5}"
EndProject
Project("{8BC9CEB8-8B4A-11D0-8D11-00A0C91BC942}") = "FileSystem", "FileSystem\FileSystem.vcxproj", "{5CE3DEF8-5291-4F88-A08D-F0751158A987}"
EndProject
Project("{8BC9CEB8-8B4A-11D0-8D11-00A0C91BC942}") = "LocalMusicStore", "LocalMusicStore\LocalMusicStore.vcxproj", "{5AEE04AB-7E66-4440-989A-5A7B794AEE44}"
	ProjectSection(ProjectDependencies) = postProject
		{B84FF31A-5F9A-46F8-AB22-DBFC9BECE3BE} = {B84FF31A-5F9A-46F8-AB22-DBFC9BECE3BE}
		{3E283F37-A4ED-41B7-A3E6-A2D89D131A30} = {3E283F37-A4ED-41B7-A3E6-A2D89D131A30}
		{1738D5F6-ED1E-47E0-B2F0-456864B93C1E} = {1738D5F6-ED1E-47E0-B2F0-456864B93C1E}
	EndProjectSection
EndProject
Project("{8BC9CEB8-8B4A-11D0-8D11-00A0C91BC942}") = "Model", "Model\Model.vcxproj", "{AB7F200F-EE15-4341-9084-8D0397CF10CA}"
EndProject
Project("{8BC9CEB8-8B4A-11D0-8D11-00A0C91BC942}") = "MPEG4Parser", "MPEG4Parser\MPEG4Parser.vcxproj", "{BE871AA9-843C-4EAF-9D06-07F2A5B72AA7}"
EndProject
Project("{8BC9CEB8-8B4A-11D0-8D11-00A0C91BC942}") = "MusicProvider", "MusicProvider\MusicProvider.vcxproj", "{BB69DA3C-3AD3-4F78-BA89-9E07DC37CB7F}"
EndProject
Project("{8BC9CEB8-8B4A-11D0-8D11-00A0C91BC942}") = "Player", "Player\Player.vcxproj", "{473C6754-FD28-4804-A521-9368398B81DC}"
EndProject
Project("{8BC9CEB8-8B4A-11D0-8D11-00A0C91BC942}") = "libprotobuf", "protobuf\vsprojects\libprotobuf.vcxproj", "{3E283F37-A4ED-41B7-A3E6-A2D89D131A30}"
EndProject
Project("{8BC9CEB8-8B4A-11D0-8D11-00A0C91BC942}") = "protoc", "protobuf\vsprojects\protoc.vcxproj", "{1738D5F6-ED1E-47E0-B2F0-456864B93C1E}"
EndProject
Project("{8BC9CEB8-8B4A-11D0-8D11-00A0C91BC942}") = "libprotoc", "protobuf\vsprojects\libprotoc.vcxproj", "{B84FF31A-5F9A-46F8-AB22-DBFC9BECE3BE}"
EndProject
Project("{2150E333-8FDC-42A3-9474-1A3956D46DE8}") = "External", "External", "{9CDBE49E-F532-4264-BCCE-49E8A9B1A072}"
EndProject
Project("{8BC9CEB8-8B4A-11D0-8D11-00A0C91BC942}") = "Util", "Util\Util.vcxproj", "{172392A8-D69D-4DAE-9A4A-9511D946407D}"
EndProject
Project("{8BC9CEB8-8B4A-11D0-8D11-00A0C91BC942}") = "Decoders", "Decoders\Decoders.vcxproj", "{C9B02C0E-F23D-433A-A8CD-5460FA61B2C2}"
EndProject
Global
	GlobalSection(SolutionConfigurationPlatforms) = preSolution
		Debug|ARM = Debug|ARM
		Debug|x64 = Debug|x64
		Debug|x86 = Debug|x86
		Release|ARM = Release|ARM
		Release|x64 = Release|x64
		Release|x86 = Release|x86
	EndGlobalSection
	GlobalSection(ProjectConfigurationPlatforms) = postSolution
		{8F5CDEAD-0983-4970-B855-8994B51AB666}.Debug|ARM.ActiveCfg = Debug|ARM
		{8F5CDEAD-0983-4970-B855-8994B51AB666}.Debug|ARM.Build.0 = Debug|ARM
		{8F5CDEAD-0983-4970-B855-8994B51AB666}.Debug|ARM.Deploy.0 = Debug|ARM
		{8F5CDEAD-0983-4970-B855-8994B51AB666}.Debug|x64.ActiveCfg = Debug|x64
		{8F5CDEAD-0983-4970-B855-8994B51AB666}.Debug|x64.Build.0 = Debug|x64
		{8F5CDEAD-0983-4970-B855-8994B51AB666}.Debug|x64.Deploy.0 = Debug|x64
		{8F5CDEAD-0983-4970-B855-8994B51AB666}.Debug|x86.ActiveCfg = Debug|Win32
		{8F5CDEAD-0983-4970-B855-8994B51AB666}.Debug|x86.Build.0 = Debug|Win32
		{8F5CDEAD-0983-4970-B855-8994B51AB666}.Debug|x86.Deploy.0 = Debug|Win32
		{8F5CDEAD-0983-4970-B855-8994B51AB666}.Release|ARM.ActiveCfg = Release|ARM
		{8F5CDEAD-0983-4970-B855-8994B51AB666}.Release|ARM.Build.0 = Release|ARM
		{8F5CDEAD-0983-4970-B855-8994B51AB666}.Release|ARM.Deploy.0 = Release|ARM
		{8F5CDEAD-0983-4970-B855-8994B51AB666}.Release|x64.ActiveCfg = Release|x64
		{8F5CDEAD-0983-4970-B855-8994B51AB666}.Release|x64.Build.0 = Release|x64
		{8F5CDEAD-0983-4970-B855-8994B51AB666}.Release|x64.Deploy.0 = Release|x64
		{8F5CDEAD-0983-4970-B855-8994B51AB666}.Release|x86.ActiveCfg = Release|Win32
		{8F5CDEAD-0983-4970-B855-8994B51AB666}.Release|x86.Build.0 = Release|Win32
		{8F5CDEAD-0983-4970-B855-8994B51AB666}.Release|x86.Deploy.0 = Release|Win32
		{2A848C59-9BA3-4043-B627-6751BA70ABF5}.Debug|ARM.ActiveCfg = Debug|ARM
		{2A848C59-9BA3-4043-B627-6751BA70ABF5}.Debug|ARM.Build.0 = Debug|ARM
		{2A848C59-9BA3-4043-B627-6751BA70ABF5}.Debug|x64.ActiveCfg = Debug|x64
		{2A848C59-9BA3-4043-B627-6751BA70ABF5}.Debug|x64.Build.0 = Debug|x64
		{2A848C59-9BA3-4043-B627-6751BA70ABF5}.Debug|x86.ActiveCfg = Debug|Win32
		{2A848C59-9BA3-4043-B627-6751BA70ABF5}.Debug|x86.Build.0 = Debug|Win32
		{2A848C59-9BA3-4043-B627-6751BA70ABF5}.Release|ARM.ActiveCfg = Release|ARM
		{2A848C59-9BA3-4043-B627-6751BA70ABF5}.Release|ARM.Build.0 = Release|ARM
		{2A848C59-9BA3-4043-B627-6751BA70ABF5}.Release|x64.ActiveCfg = Release|x64
		{2A848C59-9BA3-4043-B627-6751BA70ABF5}.Release|x64.Build.0 = Release|x64
		{2A848C59-9BA3-4043-B627-6751BA70ABF5}.Release|x86.ActiveCfg = Release|Win32
		{2A848C59-9BA3-4043-B627-6751BA70ABF5}.Release|x86.Build.0 = Release|Win32
		{5CE3DEF8-5291-4F88-A08D-F0751158A987}.Debug|ARM.ActiveCfg = Debug|ARM
		{5CE3DEF8-5291-4F88-A08D-F0751158A987}.Debug|ARM.Build.0 = Debug|ARM
		{5CE3DEF8-5291-4F88-A08D-F0751158A987}.Debug|x64.ActiveCfg = Debug|x64
		{5CE3DEF8-5291-4F88-A08D-F0751158A987}.Debug|x64.Build.0 = Debug|x64
		{5CE3DEF8-5291-4F88-A08D-F0751158A987}.Debug|x86.ActiveCfg = Debug|Win32
		{5CE3DEF8-5291-4F88-A08D-F0751158A987}.Debug|x86.Build.0 = Debug|Win32
		{5CE3DEF8-5291-4F88-A08D-F0751158A987}.Release|ARM.ActiveCfg = Release|ARM
		{5CE3DEF8-5291-4F88-A08D-F0751158A987}.Release|ARM.Build.0 = Release|ARM
		{5CE3DEF8-5291-4F88-A08D-F0751158A987}.Release|x64.ActiveCfg = Release|x64
		{5CE3DEF8-5291-4F88-A08D-F0751158A987}.Release|x64.Build.0 = Release|x64
		{5CE3DEF8-5291-4F88-A08D-F0751158A987}.Release|x86.ActiveCfg = Release|Win32
		{5CE3DEF8-5291-4F88-A08D-F0751158A987}.Release|x86.Build.0 = Release|Win32
		{5AEE04AB-7E66-4440-989A-5A7B794AEE44}.Debug|ARM.ActiveCfg = Debug|ARM
		{5AEE04AB-7E66-4440-989A-5A7B794AEE44}.Debug|ARM.Build.0 = Debug|ARM
		{5AEE04AB-7E66-4440-989A-5A7B794AEE44}.Debug|x64.ActiveCfg = Debug|x64
		{5AEE04AB-7E66-4440-989A-5A7B794AEE44}.Debug|x64.Build.0 = Debug|x64
		{5AEE04AB-7E66-4440-989A-5A7B794AEE44}.Debug|x86.ActiveCfg = Debug|Win32
		{5AEE04AB-7E66-4440-989A-5A7B794AEE44}.Debug|x86.Build.0 = Debug|Win32
		{5AEE04AB-7E66-4440-989A-5A7B794AEE44}.Release|ARM.ActiveCfg = Release|ARM
		{5AEE04AB-7E66-4440-989A-5A7B794AEE44}.Release|ARM.Build.0 = Release|ARM
		{5AEE04AB-7E66-4440-989A-5A7B794AEE44}.Release|x64.ActiveCfg = Release|x64
		{5AEE04AB-7E66-4440-989A-5A7B794AEE44}.Release|x64.Build.0 = Release|x64
		{5AEE04AB-7E66-4440-989A-5A7B794AEE44}.Release|x86.ActiveCfg = Release|Win32
		{5AEE04AB-7E66-4440-989A-5A7B794AEE44}.Release|x86.Build.0 = Release|Win32
		{AB7F200F-EE15-4341-9084-8D0397CF10CA}.Debug|ARM.ActiveCfg = Debug|ARM
		{AB7F200F-EE15-4341-9084-8D0397CF10CA}.Debug|ARM.Build.0 = Debug|ARM
		{AB7F200F-EE15-4341-9084-8D0397CF10CA}.Debug|x64.ActiveCfg = Debug|x64
		{AB7F200F-EE15-4341-9084-8D0397CF10CA}.Debug|x64.Build.0 = Debug|x64
		{AB7F200F-EE15-4341-9084-8D0397CF10CA}.Debug|x86.ActiveCfg = Debug|Win32
		{AB7F200F-EE15-4341-9084-8D0397CF10CA}.Debug|x86.Build.0 = Debug|Win32
		{AB7F200F-EE15-4341-9084-8D0397CF10CA}.Release|ARM.ActiveCfg = Release|ARM
		{AB7F200F-EE15-4341-9084-8D0397CF10CA}.Release|ARM.Build.0 = Release|ARM
		{AB7F200F-EE15-4341-9084-8D0397CF10CA}.Release|x64.ActiveCfg = Release|x64
		{AB7F200F-EE15-4341-9084-8D0397CF10CA}.Release|x64.Build.0 = Release|x64
		{AB7F200F-EE15-4341-9084-8D0397CF10CA}.Release|x86.ActiveCfg = Release|Win32
		{AB7F200F-EE15-4341-9084-8D0397CF10CA}.Release|x86.Build.0 = Release|Win32
		{BE871AA9-843C-4EAF-9D06-07F2A5B72AA7}.Debug|ARM.ActiveCfg = Debug|ARM
		{BE871AA9-843C-4EAF-9D06-07F2A5B72AA7}.Debug|ARM.Build.0 = Debug|ARM
		{BE871AA9-843C-4EAF-9D06-07F2A5B72AA7}.Debug|x64.ActiveCfg = Debug|x64
		{BE871AA9-843C-4EAF-9D06-07F2A5B72AA7}.Debug|x64.Build.0 = Debug|x64
		{BE871AA9-843C-4EAF-9D06-07F2A5B72AA7}.Debug|x86.ActiveCfg = Debug|Win32
		{BE871AA9-843C-4EAF-9D06-07F2A5B72AA7}.Debug|x86.Build.0 = Debug|Win32
		{BE871AA9-843C-4EAF-9D06-07F2A5B72AA7}.Release|ARM.ActiveCfg = Release|ARM
		{BE871AA9-843C-4EAF-9D06-07F2A5B72AA7}.Release|ARM.Build.0 = Release|ARM
		{BE871AA9-843C-4EAF-9D06-07F2A5B72AA7}.Release|x64.ActiveCfg = Release|x64
		{BE871AA9-843C-4EAF-9D06-07F2A5B72AA7}.Release|x64.Build.0 = Release|x64
		{BE871AA9-843C-4EAF-9D06-07F2A5B72AA7}.Release|x86.ActiveCfg = Release|Win32
		{BE871AA9-843C-4EAF-9D06-07F2A5B72AA7}.Release|x86.Build.0 = Release|Win32
		{BB69DA3C-3AD3-4F78-BA89-9E07DC37CB7F}.Debug|ARM.ActiveCfg = Debug|ARM
		{BB69DA3C-3AD3-4F78-BA89-9E07DC37CB7F}.Debug|ARM.Build.0 = Debug|ARM
		{BB69DA3C-3AD3-4F78-BA89-9E07DC37CB7F}.Debug|x64.ActiveCfg = Debug|x64
		{BB69DA3C-3AD3-4F78-BA89-9E07DC37CB7F}.Debug|x64.Build.0 = Debug|x64
		{BB69DA3C-3AD3-4F78-BA89-9E07DC37CB7F}.Debug|x86.ActiveCfg = Debug|Win32
		{BB69DA3C-3AD3-4F78-BA89-9E07DC37CB7F}.Debug|x86.Build.0 = Debug|Win32
		{BB69DA3C-3AD3-4F78-BA89-9E07DC37CB7F}.Release|ARM.ActiveCfg = Release|ARM
		{BB69DA3C-3AD3-4F78-BA89-9E07DC37CB7F}.Release|ARM.Build.0 = Release|ARM
		{BB69DA3C-3AD3-4F78-BA89-9E07DC37CB7F}.Release|x64.ActiveCfg = Release|x64
		{BB69DA3C-3AD3-4F78-BA89-9E07DC37CB7F}.Release|x64.Build.0 = Release|x64
		{BB69DA3C-3AD3-4F78-BA89-9E07DC37CB7F}.Release|x86.ActiveCfg = Release|Win32
		{BB69DA3C-3AD3-4F78-BA89-9E07DC37CB7F}.Release|x86.Build.0 = Release|Win32
		{473C6754-FD28-4804-A521-9368398B81DC}.Debug|ARM.ActiveCfg = Debug|ARM
		{473C6754-FD28-4804-A521-9368398B81DC}.Debug|ARM.Build.0 = Debug|ARM
		{473C6754-FD28-4804-A521-9368398B81DC}.Debug|x64.ActiveCfg = Debug|x64
		{473C6754-FD28-4804-A521-9368398B81DC}.Debug|x64.Build.0 = Debug|x64
		{473C6754-FD28-4804-A521-9368398B81DC}.Debug|x86.ActiveCfg = Debug|Win32
		{473C6754-FD28-4804-A521-9368398B81DC}.Debug|x86.Build.0 = Debug|Win32
		{473C6754-FD28-4804-A521-9368398B81DC}.Release|ARM.ActiveCfg = Release|ARM
		{473C6754-FD28-4804-A521-9368398B81DC}.Release|ARM.Build.0 = Release|ARM
		{473C6754-FD28-4804-A521-9368398B81DC}.Release|x64.ActiveCfg = Release|x64
		{473C6754-FD28-4804-A521-9368398B81DC}.Release|x64.Build.0 = Release|x64
		{473C6754-FD28-4804-A521-9368398B81DC}.Release|x86.ActiveCfg = Release|Win32
		{473C6754-FD28-4804-A521-9368398B81DC}.Release|x86.Build.0 = Release|Win32
		{3E283F37-A4ED-41B7-A3E6-A2D89D131A30}.Debug|ARM.ActiveCfg = Debug|Win32
		{3E283F37-A4ED-41B7-A3E6-A2D89D131A30}.Debug|x64.ActiveCfg = Debug|x64
		{3E283F37-A4ED-41B7-A3E6-A2D89D131A30}.Debug|x64.Build.0 = Debug|x64
		{3E283F37-A4ED-41B7-A3E6-A2D89D131A30}.Debug|x86.ActiveCfg = Debug|Win32
		{3E283F37-A4ED-41B7-A3E6-A2D89D131A30}.Debug|x86.Build.0 = Debug|Win32
		{3E283F37-A4ED-41B7-A3E6-A2D89D131A30}.Release|ARM.ActiveCfg = Release|Win32
		{3E283F37-A4ED-41B7-A3E6-A2D89D131A30}.Release|x64.ActiveCfg = Release|x64
		{3E283F37-A4ED-41B7-A3E6-A2D89D131A30}.Release|x64.Build.0 = Release|x64
		{3E283F37-A4ED-41B7-A3E6-A2D89D131A30}.Release|x86.ActiveCfg = Release|Win32
		{3E283F37-A4ED-41B7-A3E6-A2D89D131A30}.Release|x86.Build.0 = Release|Win32
		{1738D5F6-ED1E-47E0-B2F0-456864B93C1E}.Debug|ARM.ActiveCfg = Debug|Win32
		{1738D5F6-ED1E-47E0-B2F0-456864B93C1E}.Debug|x64.ActiveCfg = Debug|x64
		{1738D5F6-ED1E-47E0-B2F0-456864B93C1E}.Debug|x64.Build.0 = Debug|x64
		{1738D5F6-ED1E-47E0-B2F0-456864B93C1E}.Debug|x86.ActiveCfg = Debug|Win32
		{1738D5F6-ED1E-47E0-B2F0-456864B93C1E}.Debug|x86.Build.0 = Debug|Win32
		{1738D5F6-ED1E-47E0-B2F0-456864B93C1E}.Release|ARM.ActiveCfg = Release|Win32
		{1738D5F6-ED1E-47E0-B2F0-456864B93C1E}.Release|x64.ActiveCfg = Release|x64
		{1738D5F6-ED1E-47E0-B2F0-456864B93C1E}.Release|x64.Build.0 = Release|x64
		{1738D5F6-ED1E-47E0-B2F0-456864B93C1E}.Release|x86.ActiveCfg = Release|Win32
		{1738D5F6-ED1E-47E0-B2F0-456864B93C1E}.Release|x86.Build.0 = Release|Win32
		{B84FF31A-5F9A-46F8-AB22-DBFC9BECE3BE}.Debug|ARM.ActiveCfg = Debug|Win32
		{B84FF31A-5F9A-46F8-AB22-DBFC9BECE3BE}.Debug|x64.ActiveCfg = Debug|x64
		{B84FF31A-5F9A-46F8-AB22-DBFC9BECE3BE}.Debug|x64.Build.0 = Debug|x64
		{B84FF31A-5F9A-46F8-AB22-DBFC9BECE3BE}.Debug|x86.ActiveCfg = Debug|Win32
		{B84FF31A-5F9A-46F8-AB22-DBFC9BECE3BE}.Debug|x86.Build.0 = Debug|Win32
		{B84FF31A-5F9A-46F8-AB22-DBFC9BECE3BE}.Release|ARM.ActiveCfg = Release|Win32
		{B84FF31A-5F9A-46F8-AB22-DBFC9BECE3BE}.Release|x64.ActiveCfg = Release|x64
		{B84FF31A-5F9A-46F8-AB22-DBFC9BECE3BE}.Release|x64.Build.0 = Release|x64
		{B84FF31A-5F9A-46F8-AB22-DBFC9BECE3BE}.Release|x86.ActiveCfg = Release|Win32
		{B84FF31A-5F9A-46F8-AB22-DBFC9BECE3BE}.Release|x86.Build.0 = Release|Win32
		{172392A8-D69D-4DAE-9A4A-9511D946407D}.Debug|ARM.ActiveCfg = Debug|ARM
		{172392A8-D69D-4DAE-9A4A-9511D946407D}.Debug|ARM.Build.0 = Debug|ARM
		{172392A8-D69D-4DAE-9A4A-9511D946407D}.Debug|x64.ActiveCfg = Debug|x64
		{172392A8-D69D-4DAE-9A4A-9511D946407D}.Debug|x64.Build.0 = Debug|x64
		{172392A8-D69D-4DAE-9A4A-9511D946407D}.Debug|x86.ActiveCfg = Debug|Win32
		{172392A8-D69D-4DAE-9A4A-9511D946407D}.Debug|x86.Build.0 = Debug|Win32
		{172392A8-D69D-4DAE-9A4A-9511D946407D}.Release|ARM.ActiveCfg = Release|ARM
		{172392A8-D69D-4DAE-9A4A-9511D946407D}.Release|ARM.Build.0 = Release|ARM
		{172392A8-D69D-4DAE-9A4A-9511D946407D}.Release|x64.ActiveCfg = Release|x64
		{172392A8-D69D-4DAE-9A4A-9511D946407D}.Release|x64.Build.0 = Release|x64
		{172392A8-D69D-4DAE-9A4A-9511D946407D}.Release|x86.ActiveCfg = Release|Win32
		{172392A8-D69D-4DAE-9A4A-9511D946407D}.Release|x86.Build.0 = Release|Win32
		{C9B02C0E-F23D-433A-A8CD-5460FA61B2C2}.Debug|ARM.ActiveCfg = Debug|ARM
		{C9B02C0E-F23D-433A-A8CD-5460FA61B2C2}.Debug|ARM.Build.0 = Debug|ARM
		{C9B02C0E-F23D-433A-A8CD-5460FA61B2C2}.Debug|x64.ActiveCfg = Debug|x64
		{C9B02C0E-F23D-433A-A8CD-5460FA61B2C2}.Debug|x64.Build.0 = Debug|x64
		{C9B02C0E-F23D-433A-A8CD-5460FA61B2C2}.Debug|x86.ActiveCfg = Debug|Win32
		{C9B02C0E-F23D-433A-A8CD-5460FA61B2C2}.Debug|x86.Build.0 = Debug|Win32
		{C9B02C0E-F23D-433A-A8CD-5460FA61B2C2}.Release|ARM.ActiveCfg = Release|ARM
		{C9B02C0E-F23D-433A-A8CD-5460FA61B2C2}.Release|ARM.Build.0 = Release|ARM
		{C9B02C0E-F23D-433A-A8CD-5460FA61B2C2}.Release|x64.ActiveCfg = Release|x64
		{C9B02C0E-F23D-433A-A8CD-5460FA61B2C2}.Release|x64.Build.0 = Release|x64
		{C9B02C0E-F23D-433A-A8CD-5460FA61B2C2}.Release|x86.ActiveCfg = Release|Win32
		{C9B02C0E-F23D-433A-A8CD-5460FA61B2C2}.Release|x86.Build.0 = Release|Win32
	EndGlobalSection
	GlobalSection(SolutionProperties) = preSolution
		HideSolutionNode = FALSE
	EndGlobalSection
	GlobalSection(NestedProjects) = preSolution
		{2A848C59-9BA3-4043-B627-6751BA70ABF5} = {9CDBE49E-F532-4264-BCCE-49E8A9B1A072}
		{3E283F37-A4ED-41B7-A3E6-A2D89D131A30} = {9CDBE49E-F532-4264-BCCE-49E8A9B1A072}
		{1738D5F6-ED1E-47E0-B2F0-456864B93C1E} = {9CDBE49E-F532-4264-BCCE-49E8A9B1A072}
		{B84FF31A-5F9A-46F8-AB22-DBFC9BECE3BE} = {9CDBE49E-F532-4264-BCCE-49E8A9B1A072}
	EndGlobalSection
EndGlobal
