
Microsoft Visual Studio Solution File, Format Version 12.00
# Visual Studio 2013
VisualStudioVersion = 12.0.30723.0
MinimumVisualStudioVersion = 10.0.40219.1
Project("{8BC9CEB8-8B4A-11D0-8D11-00A0C91BC942}") = "Arcusical", "Arcusical\Arcusical.vcxproj", "{73B3A6C0-2EC9-4DFA-9B73-D0CF2179BCB9}"
	ProjectSection(ProjectDependencies) = postProject
		{CF626C2D-19CB-47D6-AB3D-09EFDD3284A4} = {CF626C2D-19CB-47D6-AB3D-09EFDD3284A4}
		{568B4B2F-938D-4BA3-B687-DDC7C0CE4793} = {568B4B2F-938D-4BA3-B687-DDC7C0CE4793}
		{D5C20956-C4C0-4549-AD72-92AC37D6120B} = {D5C20956-C4C0-4549-AD72-92AC37D6120B}
		{7A17D95A-45AC-4481-861F-D45E65DABB44} = {7A17D95A-45AC-4481-861F-D45E65DABB44}
		{231D1C8D-5A60-477B-8461-ACCB708FB23A} = {231D1C8D-5A60-477B-8461-ACCB708FB23A}
		{C769F7A2-45F2-403F-98E3-CDDA98E9EE2D} = {C769F7A2-45F2-403F-98E3-CDDA98E9EE2D}
		{2D3C7DA8-E61E-430D-A17B-0E56612A6042} = {2D3C7DA8-E61E-430D-A17B-0E56612A6042}
		{6190A6DB-FFE3-481B-BB69-F1666E89BFC6} = {6190A6DB-FFE3-481B-BB69-F1666E89BFC6}
		{528BEFE7-F405-436E-B1F6-3E86D296AA44} = {528BEFE7-F405-436E-B1F6-3E86D296AA44}
	EndProjectSection
EndProject
Project("{8BC9CEB8-8B4A-11D0-8D11-00A0C91BC942}") = "Model", "Model\Model.vcxproj", "{568B4B2F-938D-4BA3-B687-DDC7C0CE4793}"
EndProject
Project("{8BC9CEB8-8B4A-11D0-8D11-00A0C91BC942}") = "Util", "Util\Util.vcxproj", "{528BEFE7-F405-436E-B1F6-3E86D296AA44}"
EndProject
Project("{8BC9CEB8-8B4A-11D0-8D11-00A0C91BC942}") = "FileSystem", "FileSystem\FileSystem.vcxproj", "{D5C20956-C4C0-4549-AD72-92AC37D6120B}"
EndProject
Project("{8BC9CEB8-8B4A-11D0-8D11-00A0C91BC942}") = "MusicProvider", "MusicProvider\MusicProvider.vcxproj", "{231D1C8D-5A60-477B-8461-ACCB708FB23A}"
EndProject
Project("{8BC9CEB8-8B4A-11D0-8D11-00A0C91BC942}") = "ZTester", "ZTester\ZTester.vcxproj", "{8123535B-568F-402D-889D-8DBAEF7A2057}"
	ProjectSection(ProjectDependencies) = postProject
		{CF626C2D-19CB-47D6-AB3D-09EFDD3284A4} = {CF626C2D-19CB-47D6-AB3D-09EFDD3284A4}
		{568B4B2F-938D-4BA3-B687-DDC7C0CE4793} = {568B4B2F-938D-4BA3-B687-DDC7C0CE4793}
		{D5C20956-C4C0-4549-AD72-92AC37D6120B} = {D5C20956-C4C0-4549-AD72-92AC37D6120B}
		{7A17D95A-45AC-4481-861F-D45E65DABB44} = {7A17D95A-45AC-4481-861F-D45E65DABB44}
		{0ED4BA89-2570-4236-AE8B-39689A79700A} = {0ED4BA89-2570-4236-AE8B-39689A79700A}
		{231D1C8D-5A60-477B-8461-ACCB708FB23A} = {231D1C8D-5A60-477B-8461-ACCB708FB23A}
		{C769F7A2-45F2-403F-98E3-CDDA98E9EE2D} = {C769F7A2-45F2-403F-98E3-CDDA98E9EE2D}
		{2D3C7DA8-E61E-430D-A17B-0E56612A6042} = {2D3C7DA8-E61E-430D-A17B-0E56612A6042}
		{73B3A6C0-2EC9-4DFA-9B73-D0CF2179BCB9} = {73B3A6C0-2EC9-4DFA-9B73-D0CF2179BCB9}
		{6190A6DB-FFE3-481B-BB69-F1666E89BFC6} = {6190A6DB-FFE3-481B-BB69-F1666E89BFC6}
		{528BEFE7-F405-436E-B1F6-3E86D296AA44} = {528BEFE7-F405-436E-B1F6-3E86D296AA44}
	EndProjectSection
EndProject
Project("{8BC9CEB8-8B4A-11D0-8D11-00A0C91BC942}") = "ServiceModel", "ServiceModel\ServiceModel.vcxproj", "{6190A6DB-FFE3-481B-BB69-F1666E89BFC6}"
EndProject
Project("{8BC9CEB8-8B4A-11D0-8D11-00A0C91BC942}") = "LocalMusicStore", "LocalMusicStore\LocalMusicStore.vcxproj", "{2D3C7DA8-E61E-430D-A17B-0E56612A6042}"
EndProject
Project("{8BC9CEB8-8B4A-11D0-8D11-00A0C91BC942}") = "MPEG4Parser", "MPEG4Parser\MPEG4Parser.vcxproj", "{C769F7A2-45F2-403F-98E3-CDDA98E9EE2D}"
EndProject
Project("{8BC9CEB8-8B4A-11D0-8D11-00A0C91BC942}") = "Player", "Player\Player.vcxproj", "{CF626C2D-19CB-47D6-AB3D-09EFDD3284A4}"
EndProject
Project("{8BC9CEB8-8B4A-11D0-8D11-00A0C91BC942}") = "AlacCodec", "AlacCodec\AlacCodec.vcxproj", "{7A17D95A-45AC-4481-861F-D45E65DABB44}"
EndProject
Project("{8BC9CEB8-8B4A-11D0-8D11-00A0C91BC942}") = "WinrtMediaEngine", "WinrtMediaEngine\WinrtMediaEngine.vcxproj", "{0ED4BA89-2570-4236-AE8B-39689A79700A}"
	ProjectSection(ProjectDependencies) = postProject
		{7A17D95A-45AC-4481-861F-D45E65DABB44} = {7A17D95A-45AC-4481-861F-D45E65DABB44}
		{C769F7A2-45F2-403F-98E3-CDDA98E9EE2D} = {C769F7A2-45F2-403F-98E3-CDDA98E9EE2D}
		{528BEFE7-F405-436E-B1F6-3E86D296AA44} = {528BEFE7-F405-436E-B1F6-3E86D296AA44}
	EndProjectSection
EndProject
Global
	GlobalSection(SolutionConfigurationPlatforms) = preSolution
		Debug|ARM = Debug|ARM
		Debug|Win32 = Debug|Win32
		Debug|x64 = Debug|x64
		Release|ARM = Release|ARM
		Release|Win32 = Release|Win32
		Release|x64 = Release|x64
	EndGlobalSection
	GlobalSection(ProjectConfigurationPlatforms) = postSolution
		{73B3A6C0-2EC9-4DFA-9B73-D0CF2179BCB9}.Debug|ARM.ActiveCfg = Debug|ARM
		{73B3A6C0-2EC9-4DFA-9B73-D0CF2179BCB9}.Debug|ARM.Build.0 = Debug|ARM
		{73B3A6C0-2EC9-4DFA-9B73-D0CF2179BCB9}.Debug|ARM.Deploy.0 = Debug|ARM
		{73B3A6C0-2EC9-4DFA-9B73-D0CF2179BCB9}.Debug|Win32.ActiveCfg = Debug|Win32
		{73B3A6C0-2EC9-4DFA-9B73-D0CF2179BCB9}.Debug|Win32.Build.0 = Debug|Win32
		{73B3A6C0-2EC9-4DFA-9B73-D0CF2179BCB9}.Debug|Win32.Deploy.0 = Debug|Win32
		{73B3A6C0-2EC9-4DFA-9B73-D0CF2179BCB9}.Debug|x64.ActiveCfg = Debug|x64
		{73B3A6C0-2EC9-4DFA-9B73-D0CF2179BCB9}.Debug|x64.Build.0 = Debug|x64
		{73B3A6C0-2EC9-4DFA-9B73-D0CF2179BCB9}.Debug|x64.Deploy.0 = Debug|x64
		{73B3A6C0-2EC9-4DFA-9B73-D0CF2179BCB9}.Release|ARM.ActiveCfg = Release|ARM
		{73B3A6C0-2EC9-4DFA-9B73-D0CF2179BCB9}.Release|ARM.Build.0 = Release|ARM
		{73B3A6C0-2EC9-4DFA-9B73-D0CF2179BCB9}.Release|ARM.Deploy.0 = Release|ARM
		{73B3A6C0-2EC9-4DFA-9B73-D0CF2179BCB9}.Release|Win32.ActiveCfg = Release|Win32
		{73B3A6C0-2EC9-4DFA-9B73-D0CF2179BCB9}.Release|Win32.Build.0 = Release|Win32
		{73B3A6C0-2EC9-4DFA-9B73-D0CF2179BCB9}.Release|Win32.Deploy.0 = Release|Win32
		{73B3A6C0-2EC9-4DFA-9B73-D0CF2179BCB9}.Release|x64.ActiveCfg = Release|x64
		{73B3A6C0-2EC9-4DFA-9B73-D0CF2179BCB9}.Release|x64.Build.0 = Release|x64
		{73B3A6C0-2EC9-4DFA-9B73-D0CF2179BCB9}.Release|x64.Deploy.0 = Release|x64
		{568B4B2F-938D-4BA3-B687-DDC7C0CE4793}.Debug|ARM.ActiveCfg = Debug|ARM
		{568B4B2F-938D-4BA3-B687-DDC7C0CE4793}.Debug|ARM.Build.0 = Debug|ARM
		{568B4B2F-938D-4BA3-B687-DDC7C0CE4793}.Debug|Win32.ActiveCfg = Debug|Win32
		{568B4B2F-938D-4BA3-B687-DDC7C0CE4793}.Debug|Win32.Build.0 = Debug|Win32
		{568B4B2F-938D-4BA3-B687-DDC7C0CE4793}.Debug|x64.ActiveCfg = Debug|x64
		{568B4B2F-938D-4BA3-B687-DDC7C0CE4793}.Debug|x64.Build.0 = Debug|x64
		{568B4B2F-938D-4BA3-B687-DDC7C0CE4793}.Release|ARM.ActiveCfg = Release|ARM
		{568B4B2F-938D-4BA3-B687-DDC7C0CE4793}.Release|ARM.Build.0 = Release|ARM
		{568B4B2F-938D-4BA3-B687-DDC7C0CE4793}.Release|Win32.ActiveCfg = Release|Win32
		{568B4B2F-938D-4BA3-B687-DDC7C0CE4793}.Release|Win32.Build.0 = Release|Win32
		{568B4B2F-938D-4BA3-B687-DDC7C0CE4793}.Release|x64.ActiveCfg = Release|x64
		{568B4B2F-938D-4BA3-B687-DDC7C0CE4793}.Release|x64.Build.0 = Release|x64
		{528BEFE7-F405-436E-B1F6-3E86D296AA44}.Debug|ARM.ActiveCfg = Debug|ARM
		{528BEFE7-F405-436E-B1F6-3E86D296AA44}.Debug|ARM.Build.0 = Debug|ARM
		{528BEFE7-F405-436E-B1F6-3E86D296AA44}.Debug|Win32.ActiveCfg = Debug|Win32
		{528BEFE7-F405-436E-B1F6-3E86D296AA44}.Debug|Win32.Build.0 = Debug|Win32
		{528BEFE7-F405-436E-B1F6-3E86D296AA44}.Debug|x64.ActiveCfg = Debug|x64
		{528BEFE7-F405-436E-B1F6-3E86D296AA44}.Debug|x64.Build.0 = Debug|x64
		{528BEFE7-F405-436E-B1F6-3E86D296AA44}.Release|ARM.ActiveCfg = Release|ARM
		{528BEFE7-F405-436E-B1F6-3E86D296AA44}.Release|ARM.Build.0 = Release|ARM
		{528BEFE7-F405-436E-B1F6-3E86D296AA44}.Release|Win32.ActiveCfg = Release|Win32
		{528BEFE7-F405-436E-B1F6-3E86D296AA44}.Release|Win32.Build.0 = Release|Win32
		{528BEFE7-F405-436E-B1F6-3E86D296AA44}.Release|x64.ActiveCfg = Release|x64
		{528BEFE7-F405-436E-B1F6-3E86D296AA44}.Release|x64.Build.0 = Release|x64
		{D5C20956-C4C0-4549-AD72-92AC37D6120B}.Debug|ARM.ActiveCfg = Debug|ARM
		{D5C20956-C4C0-4549-AD72-92AC37D6120B}.Debug|ARM.Build.0 = Debug|ARM
		{D5C20956-C4C0-4549-AD72-92AC37D6120B}.Debug|Win32.ActiveCfg = Debug|Win32
		{D5C20956-C4C0-4549-AD72-92AC37D6120B}.Debug|Win32.Build.0 = Debug|Win32
		{D5C20956-C4C0-4549-AD72-92AC37D6120B}.Debug|x64.ActiveCfg = Debug|x64
		{D5C20956-C4C0-4549-AD72-92AC37D6120B}.Debug|x64.Build.0 = Debug|x64
		{D5C20956-C4C0-4549-AD72-92AC37D6120B}.Release|ARM.ActiveCfg = Release|ARM
		{D5C20956-C4C0-4549-AD72-92AC37D6120B}.Release|ARM.Build.0 = Release|ARM
		{D5C20956-C4C0-4549-AD72-92AC37D6120B}.Release|Win32.ActiveCfg = Release|Win32
		{D5C20956-C4C0-4549-AD72-92AC37D6120B}.Release|Win32.Build.0 = Release|Win32
		{D5C20956-C4C0-4549-AD72-92AC37D6120B}.Release|x64.ActiveCfg = Release|x64
		{D5C20956-C4C0-4549-AD72-92AC37D6120B}.Release|x64.Build.0 = Release|x64
		{231D1C8D-5A60-477B-8461-ACCB708FB23A}.Debug|ARM.ActiveCfg = Debug|ARM
		{231D1C8D-5A60-477B-8461-ACCB708FB23A}.Debug|ARM.Build.0 = Debug|ARM
		{231D1C8D-5A60-477B-8461-ACCB708FB23A}.Debug|Win32.ActiveCfg = Debug|Win32
		{231D1C8D-5A60-477B-8461-ACCB708FB23A}.Debug|Win32.Build.0 = Debug|Win32
		{231D1C8D-5A60-477B-8461-ACCB708FB23A}.Debug|x64.ActiveCfg = Debug|x64
		{231D1C8D-5A60-477B-8461-ACCB708FB23A}.Debug|x64.Build.0 = Debug|x64
		{231D1C8D-5A60-477B-8461-ACCB708FB23A}.Release|ARM.ActiveCfg = Release|ARM
		{231D1C8D-5A60-477B-8461-ACCB708FB23A}.Release|ARM.Build.0 = Release|ARM
		{231D1C8D-5A60-477B-8461-ACCB708FB23A}.Release|Win32.ActiveCfg = Release|Win32
		{231D1C8D-5A60-477B-8461-ACCB708FB23A}.Release|Win32.Build.0 = Release|Win32
		{231D1C8D-5A60-477B-8461-ACCB708FB23A}.Release|x64.ActiveCfg = Release|x64
		{231D1C8D-5A60-477B-8461-ACCB708FB23A}.Release|x64.Build.0 = Release|x64
		{8123535B-568F-402D-889D-8DBAEF7A2057}.Debug|ARM.ActiveCfg = Debug|Win32
		{8123535B-568F-402D-889D-8DBAEF7A2057}.Debug|Win32.ActiveCfg = Debug|Win32
		{8123535B-568F-402D-889D-8DBAEF7A2057}.Debug|Win32.Build.0 = Debug|Win32
		{8123535B-568F-402D-889D-8DBAEF7A2057}.Debug|x64.ActiveCfg = Debug|Win32
		{8123535B-568F-402D-889D-8DBAEF7A2057}.Release|ARM.ActiveCfg = Release|Win32
		{8123535B-568F-402D-889D-8DBAEF7A2057}.Release|Win32.ActiveCfg = Release|Win32
		{8123535B-568F-402D-889D-8DBAEF7A2057}.Release|Win32.Build.0 = Release|Win32
		{8123535B-568F-402D-889D-8DBAEF7A2057}.Release|x64.ActiveCfg = Release|Win32
		{6190A6DB-FFE3-481B-BB69-F1666E89BFC6}.Debug|ARM.ActiveCfg = Debug|ARM
		{6190A6DB-FFE3-481B-BB69-F1666E89BFC6}.Debug|ARM.Build.0 = Debug|ARM
		{6190A6DB-FFE3-481B-BB69-F1666E89BFC6}.Debug|Win32.ActiveCfg = Debug|Win32
		{6190A6DB-FFE3-481B-BB69-F1666E89BFC6}.Debug|Win32.Build.0 = Debug|Win32
		{6190A6DB-FFE3-481B-BB69-F1666E89BFC6}.Debug|x64.ActiveCfg = Debug|x64
		{6190A6DB-FFE3-481B-BB69-F1666E89BFC6}.Debug|x64.Build.0 = Debug|x64
		{6190A6DB-FFE3-481B-BB69-F1666E89BFC6}.Release|ARM.ActiveCfg = Release|ARM
		{6190A6DB-FFE3-481B-BB69-F1666E89BFC6}.Release|ARM.Build.0 = Release|ARM
		{6190A6DB-FFE3-481B-BB69-F1666E89BFC6}.Release|Win32.ActiveCfg = Release|Win32
		{6190A6DB-FFE3-481B-BB69-F1666E89BFC6}.Release|Win32.Build.0 = Release|Win32
		{6190A6DB-FFE3-481B-BB69-F1666E89BFC6}.Release|x64.ActiveCfg = Release|x64
		{6190A6DB-FFE3-481B-BB69-F1666E89BFC6}.Release|x64.Build.0 = Release|x64
		{2D3C7DA8-E61E-430D-A17B-0E56612A6042}.Debug|ARM.ActiveCfg = Debug|ARM
		{2D3C7DA8-E61E-430D-A17B-0E56612A6042}.Debug|ARM.Build.0 = Debug|ARM
		{2D3C7DA8-E61E-430D-A17B-0E56612A6042}.Debug|Win32.ActiveCfg = Debug|Win32
		{2D3C7DA8-E61E-430D-A17B-0E56612A6042}.Debug|Win32.Build.0 = Debug|Win32
		{2D3C7DA8-E61E-430D-A17B-0E56612A6042}.Debug|x64.ActiveCfg = Debug|x64
		{2D3C7DA8-E61E-430D-A17B-0E56612A6042}.Debug|x64.Build.0 = Debug|x64
		{2D3C7DA8-E61E-430D-A17B-0E56612A6042}.Release|ARM.ActiveCfg = Release|ARM
		{2D3C7DA8-E61E-430D-A17B-0E56612A6042}.Release|ARM.Build.0 = Release|ARM
		{2D3C7DA8-E61E-430D-A17B-0E56612A6042}.Release|Win32.ActiveCfg = Release|Win32
		{2D3C7DA8-E61E-430D-A17B-0E56612A6042}.Release|Win32.Build.0 = Release|Win32
		{2D3C7DA8-E61E-430D-A17B-0E56612A6042}.Release|x64.ActiveCfg = Release|x64
		{2D3C7DA8-E61E-430D-A17B-0E56612A6042}.Release|x64.Build.0 = Release|x64
		{C769F7A2-45F2-403F-98E3-CDDA98E9EE2D}.Debug|ARM.ActiveCfg = Debug|Win32
		{C769F7A2-45F2-403F-98E3-CDDA98E9EE2D}.Debug|Win32.ActiveCfg = Debug|Win32
		{C769F7A2-45F2-403F-98E3-CDDA98E9EE2D}.Debug|Win32.Build.0 = Debug|Win32
		{C769F7A2-45F2-403F-98E3-CDDA98E9EE2D}.Debug|x64.ActiveCfg = Debug|x64
		{C769F7A2-45F2-403F-98E3-CDDA98E9EE2D}.Debug|x64.Build.0 = Debug|x64
		{C769F7A2-45F2-403F-98E3-CDDA98E9EE2D}.Release|ARM.ActiveCfg = Release|Win32
		{C769F7A2-45F2-403F-98E3-CDDA98E9EE2D}.Release|Win32.ActiveCfg = Release|Win32
		{C769F7A2-45F2-403F-98E3-CDDA98E9EE2D}.Release|Win32.Build.0 = Release|Win32
		{C769F7A2-45F2-403F-98E3-CDDA98E9EE2D}.Release|x64.ActiveCfg = Release|x64
		{C769F7A2-45F2-403F-98E3-CDDA98E9EE2D}.Release|x64.Build.0 = Release|x64
		{CF626C2D-19CB-47D6-AB3D-09EFDD3284A4}.Debug|ARM.ActiveCfg = Debug|ARM
		{CF626C2D-19CB-47D6-AB3D-09EFDD3284A4}.Debug|ARM.Build.0 = Debug|ARM
		{CF626C2D-19CB-47D6-AB3D-09EFDD3284A4}.Debug|Win32.ActiveCfg = Debug|Win32
		{CF626C2D-19CB-47D6-AB3D-09EFDD3284A4}.Debug|Win32.Build.0 = Debug|Win32
		{CF626C2D-19CB-47D6-AB3D-09EFDD3284A4}.Debug|x64.ActiveCfg = Debug|x64
		{CF626C2D-19CB-47D6-AB3D-09EFDD3284A4}.Debug|x64.Build.0 = Debug|x64
		{CF626C2D-19CB-47D6-AB3D-09EFDD3284A4}.Release|ARM.ActiveCfg = Release|ARM
		{CF626C2D-19CB-47D6-AB3D-09EFDD3284A4}.Release|ARM.Build.0 = Release|ARM
		{CF626C2D-19CB-47D6-AB3D-09EFDD3284A4}.Release|Win32.ActiveCfg = Release|Win32
		{CF626C2D-19CB-47D6-AB3D-09EFDD3284A4}.Release|Win32.Build.0 = Release|Win32
		{CF626C2D-19CB-47D6-AB3D-09EFDD3284A4}.Release|x64.ActiveCfg = Release|x64
		{CF626C2D-19CB-47D6-AB3D-09EFDD3284A4}.Release|x64.Build.0 = Release|x64
		{7A17D95A-45AC-4481-861F-D45E65DABB44}.Debug|ARM.ActiveCfg = Debug|ARM
		{7A17D95A-45AC-4481-861F-D45E65DABB44}.Debug|ARM.Build.0 = Debug|ARM
		{7A17D95A-45AC-4481-861F-D45E65DABB44}.Debug|Win32.ActiveCfg = Debug|Win32
		{7A17D95A-45AC-4481-861F-D45E65DABB44}.Debug|Win32.Build.0 = Debug|Win32
		{7A17D95A-45AC-4481-861F-D45E65DABB44}.Debug|x64.ActiveCfg = Debug|x64
		{7A17D95A-45AC-4481-861F-D45E65DABB44}.Debug|x64.Build.0 = Debug|x64
		{7A17D95A-45AC-4481-861F-D45E65DABB44}.Release|ARM.ActiveCfg = Release|ARM
		{7A17D95A-45AC-4481-861F-D45E65DABB44}.Release|ARM.Build.0 = Release|ARM
		{7A17D95A-45AC-4481-861F-D45E65DABB44}.Release|Win32.ActiveCfg = Release|Win32
		{7A17D95A-45AC-4481-861F-D45E65DABB44}.Release|Win32.Build.0 = Release|Win32
		{7A17D95A-45AC-4481-861F-D45E65DABB44}.Release|x64.ActiveCfg = Release|x64
		{7A17D95A-45AC-4481-861F-D45E65DABB44}.Release|x64.Build.0 = Release|x64
		{0ED4BA89-2570-4236-AE8B-39689A79700A}.Debug|ARM.ActiveCfg = Debug|ARM
		{0ED4BA89-2570-4236-AE8B-39689A79700A}.Debug|ARM.Build.0 = Debug|ARM
		{0ED4BA89-2570-4236-AE8B-39689A79700A}.Debug|Win32.ActiveCfg = Debug|Win32
		{0ED4BA89-2570-4236-AE8B-39689A79700A}.Debug|Win32.Build.0 = Debug|Win32
		{0ED4BA89-2570-4236-AE8B-39689A79700A}.Debug|x64.ActiveCfg = Debug|x64
		{0ED4BA89-2570-4236-AE8B-39689A79700A}.Debug|x64.Build.0 = Debug|x64
		{0ED4BA89-2570-4236-AE8B-39689A79700A}.Release|ARM.ActiveCfg = Release|ARM
		{0ED4BA89-2570-4236-AE8B-39689A79700A}.Release|ARM.Build.0 = Release|ARM
		{0ED4BA89-2570-4236-AE8B-39689A79700A}.Release|Win32.ActiveCfg = Release|Win32
		{0ED4BA89-2570-4236-AE8B-39689A79700A}.Release|Win32.Build.0 = Release|Win32
		{0ED4BA89-2570-4236-AE8B-39689A79700A}.Release|x64.ActiveCfg = Release|x64
		{0ED4BA89-2570-4236-AE8B-39689A79700A}.Release|x64.Build.0 = Release|x64
	EndGlobalSection
	GlobalSection(SolutionProperties) = preSolution
		HideSolutionNode = FALSE
	EndGlobalSection
EndGlobal
