
Microsoft Visual Studio Solution File, Format Version 12.00
# Visual Studio 14
VisualStudioVersion = 14.0.24720.0
MinimumVisualStudioVersion = 10.0.40219.1
Project("{8BC9CEB8-8B4A-11D0-8D11-00A0C91BC942}") = "App", "App\App.vcxproj", "{8F5CDEAD-0983-4970-B855-8994B51AB666}"
	ProjectSection(ProjectDependencies) = postProject
		{C9B02C0E-F23D-433A-A8CD-5460FA61B2C2} = {C9B02C0E-F23D-433A-A8CD-5460FA61B2C2}
		{AB7F200F-EE15-4341-9084-8D0397CF10CA} = {AB7F200F-EE15-4341-9084-8D0397CF10CA}
		{BB69DA3C-3AD3-4F78-BA89-9E07DC37CB7F} = {BB69DA3C-3AD3-4F78-BA89-9E07DC37CB7F}
		{473C6754-FD28-4804-A521-9368398B81DC} = {473C6754-FD28-4804-A521-9368398B81DC}
		{2A848C59-9BA3-4043-B627-6751BA70ABF5} = {2A848C59-9BA3-4043-B627-6751BA70ABF5}
		{F34A2561-ACA0-392C-B20C-445774EF573B} = {F34A2561-ACA0-392C-B20C-445774EF573B}
		{172392A8-D69D-4DAE-9A4A-9511D946407D} = {172392A8-D69D-4DAE-9A4A-9511D946407D}
		{BE871AA9-843C-4EAF-9D06-07F2A5B72AA7} = {BE871AA9-843C-4EAF-9D06-07F2A5B72AA7}
		{5AEE04AB-7E66-4440-989A-5A7B794AEE44} = {5AEE04AB-7E66-4440-989A-5A7B794AEE44}
		{5CE3DEF8-5291-4F88-A08D-F0751158A987} = {5CE3DEF8-5291-4F88-A08D-F0751158A987}
	EndProjectSection
EndProject
Project("{8BC9CEB8-8B4A-11D0-8D11-00A0C91BC942}") = "AlacCodec", "AlacCodec\AlacCodec.vcxproj", "{2A848C59-9BA3-4043-B627-6751BA70ABF5}"
EndProject
Project("{8BC9CEB8-8B4A-11D0-8D11-00A0C91BC942}") = "FileSystem", "FileSystem\FileSystem.vcxproj", "{5CE3DEF8-5291-4F88-A08D-F0751158A987}"
EndProject
Project("{8BC9CEB8-8B4A-11D0-8D11-00A0C91BC942}") = "LocalMusicStore", "LocalMusicStore\LocalMusicStore.vcxproj", "{5AEE04AB-7E66-4440-989A-5A7B794AEE44}"
	ProjectSection(ProjectDependencies) = postProject
		{36232550-1492-3A4D-907A-8C6D9D7C91F3} = {36232550-1492-3A4D-907A-8C6D9D7C91F3}
	EndProjectSection
EndProject
Project("{8BC9CEB8-8B4A-11D0-8D11-00A0C91BC942}") = "Model", "Model\Model.vcxproj", "{AB7F200F-EE15-4341-9084-8D0397CF10CA}"
EndProject
Project("{8BC9CEB8-8B4A-11D0-8D11-00A0C91BC942}") = "MPEG4Parser", "MPEG4Parser\MPEG4Parser.vcxproj", "{BE871AA9-843C-4EAF-9D06-07F2A5B72AA7}"
EndProject
Project("{8BC9CEB8-8B4A-11D0-8D11-00A0C91BC942}") = "MusicProvider", "MusicProvider\MusicProvider.vcxproj", "{BB69DA3C-3AD3-4F78-BA89-9E07DC37CB7F}"
EndProject
Project("{8BC9CEB8-8B4A-11D0-8D11-00A0C91BC942}") = "Player", "Player\Player.vcxproj", "{473C6754-FD28-4804-A521-9368398B81DC}"
EndProject
Project("{2150E333-8FDC-42A3-9474-1A3956D46DE8}") = "External", "External", "{9CDBE49E-F532-4264-BCCE-49E8A9B1A072}"
EndProject
Project("{8BC9CEB8-8B4A-11D0-8D11-00A0C91BC942}") = "Util", "Util\Util.vcxproj", "{172392A8-D69D-4DAE-9A4A-9511D946407D}"
EndProject
Project("{8BC9CEB8-8B4A-11D0-8D11-00A0C91BC942}") = "Decoders", "Decoders\Decoders.vcxproj", "{C9B02C0E-F23D-433A-A8CD-5460FA61B2C2}"
EndProject
Project("{8BC9CEB8-8B4A-11D0-8D11-00A0C91BC942}") = "protoc", "protobuf\vs\protoc.vcxproj", "{36232550-1492-3A4D-907A-8C6D9D7C91F3}"
	ProjectSection(ProjectDependencies) = postProject
		{F34A2561-ACA0-392C-B20C-445774EF573B} = {F34A2561-ACA0-392C-B20C-445774EF573B}
		{76555D90-0086-34A1-9CE4-5DF894D9F5DE} = {76555D90-0086-34A1-9CE4-5DF894D9F5DE}
	EndProjectSection
EndProject
Project("{8BC9CEB8-8B4A-11D0-8D11-00A0C91BC942}") = "libprotoc", "protobuf\vs\libprotoc.vcxproj", "{76555D90-0086-34A1-9CE4-5DF894D9F5DE}"
EndProject
Project("{8BC9CEB8-8B4A-11D0-8D11-00A0C91BC942}") = "libprotobuf", "protobuf\vs\libprotobuf.vcxproj", "{F34A2561-ACA0-392C-B20C-445774EF573B}"
EndProject
Global
	GlobalSection(SolutionConfigurationPlatforms) = preSolution
		Debug|x64 = Debug|x64
		Release|x64 = Release|x64
	EndGlobalSection
	GlobalSection(ProjectConfigurationPlatforms) = postSolution
		{8F5CDEAD-0983-4970-B855-8994B51AB666}.Debug|x64.ActiveCfg = Debug|x64
		{8F5CDEAD-0983-4970-B855-8994B51AB666}.Debug|x64.Build.0 = Debug|x64
		{8F5CDEAD-0983-4970-B855-8994B51AB666}.Debug|x64.Deploy.0 = Debug|x64
		{8F5CDEAD-0983-4970-B855-8994B51AB666}.Release|x64.ActiveCfg = Release|x64
		{8F5CDEAD-0983-4970-B855-8994B51AB666}.Release|x64.Build.0 = Release|x64
		{8F5CDEAD-0983-4970-B855-8994B51AB666}.Release|x64.Deploy.0 = Release|x64
		{2A848C59-9BA3-4043-B627-6751BA70ABF5}.Debug|x64.ActiveCfg = Debug|x64
		{2A848C59-9BA3-4043-B627-6751BA70ABF5}.Debug|x64.Build.0 = Debug|x64
		{2A848C59-9BA3-4043-B627-6751BA70ABF5}.Release|x64.ActiveCfg = Release|x64
		{2A848C59-9BA3-4043-B627-6751BA70ABF5}.Release|x64.Build.0 = Release|x64
		{5CE3DEF8-5291-4F88-A08D-F0751158A987}.Debug|x64.ActiveCfg = Debug|x64
		{5CE3DEF8-5291-4F88-A08D-F0751158A987}.Debug|x64.Build.0 = Debug|x64
		{5CE3DEF8-5291-4F88-A08D-F0751158A987}.Release|x64.ActiveCfg = Release|x64
		{5CE3DEF8-5291-4F88-A08D-F0751158A987}.Release|x64.Build.0 = Release|x64
		{5AEE04AB-7E66-4440-989A-5A7B794AEE44}.Debug|x64.ActiveCfg = Debug|x64
		{5AEE04AB-7E66-4440-989A-5A7B794AEE44}.Debug|x64.Build.0 = Debug|x64
		{5AEE04AB-7E66-4440-989A-5A7B794AEE44}.Release|x64.ActiveCfg = Release|x64
		{5AEE04AB-7E66-4440-989A-5A7B794AEE44}.Release|x64.Build.0 = Release|x64
		{AB7F200F-EE15-4341-9084-8D0397CF10CA}.Debug|x64.ActiveCfg = Debug|x64
		{AB7F200F-EE15-4341-9084-8D0397CF10CA}.Debug|x64.Build.0 = Debug|x64
		{AB7F200F-EE15-4341-9084-8D0397CF10CA}.Release|x64.ActiveCfg = Release|x64
		{AB7F200F-EE15-4341-9084-8D0397CF10CA}.Release|x64.Build.0 = Release|x64
		{BE871AA9-843C-4EAF-9D06-07F2A5B72AA7}.Debug|x64.ActiveCfg = Debug|x64
		{BE871AA9-843C-4EAF-9D06-07F2A5B72AA7}.Debug|x64.Build.0 = Debug|x64
		{BE871AA9-843C-4EAF-9D06-07F2A5B72AA7}.Release|x64.ActiveCfg = Release|x64
		{BE871AA9-843C-4EAF-9D06-07F2A5B72AA7}.Release|x64.Build.0 = Release|x64
		{BB69DA3C-3AD3-4F78-BA89-9E07DC37CB7F}.Debug|x64.ActiveCfg = Debug|x64
		{BB69DA3C-3AD3-4F78-BA89-9E07DC37CB7F}.Debug|x64.Build.0 = Debug|x64
		{BB69DA3C-3AD3-4F78-BA89-9E07DC37CB7F}.Release|x64.ActiveCfg = Release|x64
		{BB69DA3C-3AD3-4F78-BA89-9E07DC37CB7F}.Release|x64.Build.0 = Release|x64
		{473C6754-FD28-4804-A521-9368398B81DC}.Debug|x64.ActiveCfg = Debug|x64
		{473C6754-FD28-4804-A521-9368398B81DC}.Debug|x64.Build.0 = Debug|x64
		{473C6754-FD28-4804-A521-9368398B81DC}.Release|x64.ActiveCfg = Release|x64
		{473C6754-FD28-4804-A521-9368398B81DC}.Release|x64.Build.0 = Release|x64
		{172392A8-D69D-4DAE-9A4A-9511D946407D}.Debug|x64.ActiveCfg = Debug|x64
		{172392A8-D69D-4DAE-9A4A-9511D946407D}.Debug|x64.Build.0 = Debug|x64
		{172392A8-D69D-4DAE-9A4A-9511D946407D}.Release|x64.ActiveCfg = Release|x64
		{172392A8-D69D-4DAE-9A4A-9511D946407D}.Release|x64.Build.0 = Release|x64
		{C9B02C0E-F23D-433A-A8CD-5460FA61B2C2}.Debug|x64.ActiveCfg = Debug|x64
		{C9B02C0E-F23D-433A-A8CD-5460FA61B2C2}.Debug|x64.Build.0 = Debug|x64
		{C9B02C0E-F23D-433A-A8CD-5460FA61B2C2}.Release|x64.ActiveCfg = Release|x64
		{C9B02C0E-F23D-433A-A8CD-5460FA61B2C2}.Release|x64.Build.0 = Release|x64
		{36232550-1492-3A4D-907A-8C6D9D7C91F3}.Debug|x64.ActiveCfg = Debug|x64
		{36232550-1492-3A4D-907A-8C6D9D7C91F3}.Debug|x64.Build.0 = Debug|x64
		{36232550-1492-3A4D-907A-8C6D9D7C91F3}.Release|x64.ActiveCfg = Release|x64
		{36232550-1492-3A4D-907A-8C6D9D7C91F3}.Release|x64.Build.0 = Release|x64
		{76555D90-0086-34A1-9CE4-5DF894D9F5DE}.Debug|x64.ActiveCfg = Debug|x64
		{76555D90-0086-34A1-9CE4-5DF894D9F5DE}.Debug|x64.Build.0 = Debug|x64
		{76555D90-0086-34A1-9CE4-5DF894D9F5DE}.Release|x64.ActiveCfg = Release|x64
		{76555D90-0086-34A1-9CE4-5DF894D9F5DE}.Release|x64.Build.0 = Release|x64
		{F34A2561-ACA0-392C-B20C-445774EF573B}.Debug|x64.ActiveCfg = Debug|x64
		{F34A2561-ACA0-392C-B20C-445774EF573B}.Debug|x64.Build.0 = Debug|x64
		{F34A2561-ACA0-392C-B20C-445774EF573B}.Release|x64.ActiveCfg = Release|x64
		{F34A2561-ACA0-392C-B20C-445774EF573B}.Release|x64.Build.0 = Release|x64
	EndGlobalSection
	GlobalSection(SolutionProperties) = preSolution
		HideSolutionNode = FALSE
	EndGlobalSection
	GlobalSection(NestedProjects) = preSolution
		{2A848C59-9BA3-4043-B627-6751BA70ABF5} = {9CDBE49E-F532-4264-BCCE-49E8A9B1A072}
		{36232550-1492-3A4D-907A-8C6D9D7C91F3} = {9CDBE49E-F532-4264-BCCE-49E8A9B1A072}
		{76555D90-0086-34A1-9CE4-5DF894D9F5DE} = {9CDBE49E-F532-4264-BCCE-49E8A9B1A072}
		{F34A2561-ACA0-392C-B20C-445774EF573B} = {9CDBE49E-F532-4264-BCCE-49E8A9B1A072}
	EndGlobalSection
EndGlobal
