<?xml version="1.0" encoding="utf-8"?>
<Project ToolsVersion="14.0" xmlns="http://schemas.microsoft.com/developer/msbuild/2003">
  <ItemGroup>
    <Filter Include="include">
      <UniqueIdentifier>{a264c202-afab-4258-b9ff-7b24777cebee}</UniqueIdentifier>
    </Filter>
    <Filter Include="src">
      <UniqueIdentifier>{759bf4a5-3b22-4b22-81e3-9d74da7e719c}</UniqueIdentifier>
    </Filter>
    <Filter Include="proto">
      <UniqueIdentifier>{e67f35a6-be41-42d6-90fc-34ad4bb1aff8}</UniqueIdentifier>
    </Filter>
  </ItemGroup>
  <ItemGroup>
    <ClInclude Include="include\LocalMusicCache.hpp">
      <Filter>include</Filter>
    </ClInclude>
    <ClInclude Include="proto\impl\CachedAlbum.pb.h">
      <Filter>proto</Filter>
    </ClInclude>
    <ClInclude Include="proto\impl\CachedAlbumList.pb.h">
      <Filter>proto</Filter>
    </ClInclude>
    <ClInclude Include="proto\impl\CachedSong.pb.h">
      <Filter>proto</Filter>
    </ClInclude>
    <ClInclude Include="proto\impl\CachedSongList.pb.h">
      <Filter>proto</Filter>
    </ClInclude>
    <ClInclude Include="proto\impl\GUID.pb.h">
      <Filter>proto</Filter>
    </ClInclude>
  </ItemGroup>
  <ItemGroup>
    <ClCompile Include="src\LocalMusicCache.cpp">
      <Filter>src</Filter>
    </ClCompile>
    <ClCompile Include="proto\impl\CachedAlbum.pb.cc">
      <Filter>proto</Filter>
    </ClCompile>
    <ClCompile Include="proto\impl\CachedAlbumList.pb.cc">
      <Filter>proto</Filter>
    </ClCompile>
    <ClCompile Include="proto\impl\CachedSong.pb.cc">
      <Filter>proto</Filter>
    </ClCompile>
    <ClCompile Include="proto\impl\CachedSongList.pb.cc">
      <Filter>proto</Filter>
    </ClCompile>
    <ClCompile Include="proto\impl\GUID.pb.cc">
      <Filter>proto</Filter>
    </ClCompile>
  </ItemGroup>
</Project>