<?xml version="1.0" encoding="utf-8"?>
<Project ToolsVersion="14.0" xmlns="http://schemas.microsoft.com/developer/msbuild/2003">
  <ItemGroup>
    <Filter Include="include">
      <UniqueIdentifier>{859d1eb9-62d9-445f-a973-292831ec0e2c}</UniqueIdentifier>
    </Filter>
    <Filter Include="src">
      <UniqueIdentifier>{9ee3775b-e7bf-45bd-83ed-89f70f32299b}</UniqueIdentifier>
    </Filter>
  </ItemGroup>
  <ItemGroup>
    <ClCompile Include="src\Alac.cpp">
      <Filter>src</Filter>
    </ClCompile>
    <ClCompile Include="src\Box.cpp">
      <Filter>src</Filter>
    </ClCompile>
    <ClCompile Include="src\BoxFactory.cpp">
      <Filter>src</Filter>
    </ClCompile>
    <ClCompile Include="src\ContainerBox.cpp">
      <Filter>src</Filter>
    </ClCompile>
    <ClCompile Include="src\Databox.cpp">
      <Filter>src</Filter>
    </ClCompile>
    <ClCompile Include="src\Dinf.cpp">
      <Filter>src</Filter>
    </ClCompile>
    <ClCompile Include="src\Dref.cpp">
      <Filter>src</Filter>
    </ClCompile>
    <ClCompile Include="src\Esds.cpp">
      <Filter>src</Filter>
    </ClCompile>
    <ClCompile Include="src\FreeBox.cpp">
      <Filter>src</Filter>
    </ClCompile>
    <ClCompile Include="src\Ftyp.cpp">
      <Filter>src</Filter>
    </ClCompile>
    <ClCompile Include="src\GenreTypes.cpp">
      <Filter>src</Filter>
    </ClCompile>
    <ClCompile Include="src\HandlerTypes.cpp">
      <Filter>src</Filter>
    </ClCompile>
    <ClCompile Include="src\Hdlr.cpp">
      <Filter>src</Filter>
    </ClCompile>
    <ClCompile Include="src\iAlbum.cpp">
      <Filter>src</Filter>
    </ClCompile>
    <ClCompile Include="src\iAlbumArtist.cpp">
      <Filter>src</Filter>
    </ClCompile>
    <ClCompile Include="src\iAppleID.cpp">
      <Filter>src</Filter>
    </ClCompile>
    <ClCompile Include="src\iArtist.cpp">
      <Filter>src</Filter>
    </ClCompile>
    <ClCompile Include="src\iComposer.cpp">
      <Filter>src</Filter>
    </ClCompile>
    <ClCompile Include="src\iCover.cpp">
      <Filter>src</Filter>
    </ClCompile>
    <ClCompile Include="src\iDiskNumber.cpp">
      <Filter>src</Filter>
    </ClCompile>
    <ClCompile Include="src\iEncoderName.cpp">
      <Filter>src</Filter>
    </ClCompile>
    <ClCompile Include="src\iGenre.cpp">
      <Filter>src</Filter>
    </ClCompile>
    <ClCompile Include="src\Ilst.cpp">
      <Filter>src</Filter>
    </ClCompile>
    <ClCompile Include="src\ImageTypes.cpp">
      <Filter>src</Filter>
    </ClCompile>
    <ClCompile Include="src\iName.cpp">
      <Filter>src</Filter>
    </ClCompile>
    <ClCompile Include="src\iPurchaseDate.cpp">
      <Filter>src</Filter>
    </ClCompile>
    <ClCompile Include="src\iReleaseDate.cpp">
      <Filter>src</Filter>
    </ClCompile>
    <ClCompile Include="src\iTrackNumber.cpp">
      <Filter>src</Filter>
    </ClCompile>
    <ClCompile Include="src\ItunesDashBox.cpp">
      <Filter>src</Filter>
    </ClCompile>
    <ClCompile Include="src\iXid.cpp">
      <Filter>src</Filter>
    </ClCompile>
    <ClCompile Include="src\Mdat.cpp">
      <Filter>src</Filter>
    </ClCompile>
    <ClCompile Include="src\Mdhd.cpp">
      <Filter>src</Filter>
    </ClCompile>
    <ClCompile Include="src\Mdia.cpp">
      <Filter>src</Filter>
    </ClCompile>
    <ClCompile Include="src\MeanBox.cpp">
      <Filter>src</Filter>
    </ClCompile>
    <ClCompile Include="src\Meta.cpp">
      <Filter>src</Filter>
    </ClCompile>
    <ClCompile Include="src\Minf.cpp">
      <Filter>src</Filter>
    </ClCompile>
    <ClCompile Include="src\Moov.cpp">
      <Filter>src</Filter>
    </ClCompile>
    <ClCompile Include="src\Mp4a.cpp">
      <Filter>src</Filter>
    </ClCompile>
    <ClCompile Include="src\MPEG4_Parser.cpp">
      <Filter>src</Filter>
    </ClCompile>
    <ClCompile Include="src\MPEG4_SongFile.cpp">
      <Filter>src</Filter>
    </ClCompile>
    <ClCompile Include="src\MPEG4_Tree.cpp">
      <Filter>src</Filter>
    </ClCompile>
    <ClCompile Include="src\Mvhd.cpp">
      <Filter>src</Filter>
    </ClCompile>
    <ClCompile Include="src\Name.cpp">
      <Filter>src</Filter>
    </ClCompile>
    <ClCompile Include="src\Smhd.cpp">
      <Filter>src</Filter>
    </ClCompile>
    <ClCompile Include="src\Stbl.cpp">
      <Filter>src</Filter>
    </ClCompile>
    <ClCompile Include="src\Stco.cpp">
      <Filter>src</Filter>
    </ClCompile>
    <ClCompile Include="src\Stsc.cpp">
      <Filter>src</Filter>
    </ClCompile>
    <ClCompile Include="src\Stsd.cpp">
      <Filter>src</Filter>
    </ClCompile>
    <ClCompile Include="src\Stsz.cpp">
      <Filter>src</Filter>
    </ClCompile>
    <ClCompile Include="src\Stts.cpp">
      <Filter>src</Filter>
    </ClCompile>
    <ClCompile Include="src\Tkhd.cpp">
      <Filter>src</Filter>
    </ClCompile>
    <ClCompile Include="src\Trak.cpp">
      <Filter>src</Filter>
    </ClCompile>
    <ClCompile Include="src\Udta.cpp">
      <Filter>src</Filter>
    </ClCompile>
    <ClCompile Include="src\UnknownBox.cpp">
      <Filter>src</Filter>
    </ClCompile>
    <ClCompile Include="src\Url.cpp">
      <Filter>src</Filter>
    </ClCompile>
    <ClCompile Include="src\pch.cpp">
      <Filter>src</Filter>
    </ClCompile>
  </ItemGroup>
  <ItemGroup>
    <ClInclude Include="include\Alac.hpp">
      <Filter>include</Filter>
    </ClInclude>
    <ClInclude Include="include\Box.hpp">
      <Filter>include</Filter>
    </ClInclude>
    <ClInclude Include="include\BoxFactory.hpp">
      <Filter>include</Filter>
    </ClInclude>
    <ClInclude Include="include\BoxParsingException.hpp">
      <Filter>include</Filter>
    </ClInclude>
    <ClInclude Include="include\BoxTypes.hpp">
      <Filter>include</Filter>
    </ClInclude>
    <ClInclude Include="include\ContainerBox.hpp">
      <Filter>include</Filter>
    </ClInclude>
    <ClInclude Include="include\Cprt.hpp">
      <Filter>include</Filter>
    </ClInclude>
    <ClInclude Include="include\Databox.hpp">
      <Filter>include</Filter>
    </ClInclude>
    <ClInclude Include="include\Dinf.hpp">
      <Filter>include</Filter>
    </ClInclude>
    <ClInclude Include="include\Dref.hpp">
      <Filter>include</Filter>
    </ClInclude>
    <ClInclude Include="include\Esds.hpp">
      <Filter>include</Filter>
    </ClInclude>
    <ClInclude Include="include\FreeBox.hpp">
      <Filter>include</Filter>
    </ClInclude>
    <ClInclude Include="include\Ftyp.hpp">
      <Filter>include</Filter>
    </ClInclude>
    <ClInclude Include="include\GenreTypes.hpp">
      <Filter>include</Filter>
    </ClInclude>
    <ClInclude Include="include\HandlerTypes.hpp">
      <Filter>include</Filter>
    </ClInclude>
    <ClInclude Include="include\Hdlr.hpp">
      <Filter>include</Filter>
    </ClInclude>
    <ClInclude Include="include\iAkID.hpp">
      <Filter>include</Filter>
    </ClInclude>
    <ClInclude Include="include\iAlbum.hpp">
      <Filter>include</Filter>
    </ClInclude>
    <ClInclude Include="include\iAlbumArtist.hpp">
      <Filter>include</Filter>
    </ClInclude>
    <ClInclude Include="include\iAppleID.hpp">
      <Filter>include</Filter>
    </ClInclude>
    <ClInclude Include="include\iArtist.hpp">
      <Filter>include</Filter>
    </ClInclude>
    <ClInclude Include="include\iAtID.hpp">
      <Filter>include</Filter>
    </ClInclude>
    <ClInclude Include="include\iCnid.hpp">
      <Filter>include</Filter>
    </ClInclude>
    <ClInclude Include="include\iComposer.hpp">
      <Filter>include</Filter>
    </ClInclude>
    <ClInclude Include="include\iCover.hpp">
      <Filter>include</Filter>
    </ClInclude>
    <ClInclude Include="include\iCpil.hpp">
      <Filter>include</Filter>
    </ClInclude>
    <ClInclude Include="include\iDiskNumber.hpp">
      <Filter>include</Filter>
    </ClInclude>
    <ClInclude Include="include\iEncoderName.hpp">
      <Filter>include</Filter>
    </ClInclude>
    <ClInclude Include="include\iFlvr.hpp">
      <Filter>include</Filter>
    </ClInclude>
    <ClInclude Include="include\iGeID.hpp">
      <Filter>include</Filter>
    </ClInclude>
    <ClInclude Include="include\iGenre.hpp">
      <Filter>include</Filter>
    </ClInclude>
    <ClInclude Include="include\Ilst.hpp">
      <Filter>include</Filter>
    </ClInclude>
    <ClInclude Include="include\ImageTypes.hpp">
      <Filter>include</Filter>
    </ClInclude>
    <ClInclude Include="include\iName.hpp">
      <Filter>include</Filter>
    </ClInclude>
    <ClInclude Include="include\IncompatibleBoxTypeException.hpp">
      <Filter>include</Filter>
    </ClInclude>
    <ClInclude Include="include\InvalidValueException.hpp">
      <Filter>include</Filter>
    </ClInclude>
    <ClInclude Include="include\iPgap.hpp">
      <Filter>include</Filter>
    </ClInclude>
    <ClInclude Include="include\iPlID.hpp">
      <Filter>include</Filter>
    </ClInclude>
    <ClInclude Include="include\iPurchaseDate.hpp">
      <Filter>include</Filter>
    </ClInclude>
    <ClInclude Include="include\iReleaseDate.hpp">
      <Filter>include</Filter>
    </ClInclude>
    <ClInclude Include="include\iRtng.hpp">
      <Filter>include</Filter>
    </ClInclude>
    <ClInclude Include="include\iSfID.hpp">
      <Filter>include</Filter>
    </ClInclude>
    <ClInclude Include="include\iStik.hpp">
      <Filter>include</Filter>
    </ClInclude>
    <ClInclude Include="include\iTmpo.hpp">
      <Filter>include</Filter>
    </ClInclude>
    <ClInclude Include="include\iTrackNumber.hpp">
      <Filter>include</Filter>
    </ClInclude>
    <ClInclude Include="include\ItunesDashBox.hpp">
      <Filter>include</Filter>
    </ClInclude>
    <ClInclude Include="include\iXid.hpp">
      <Filter>include</Filter>
    </ClInclude>
    <ClInclude Include="include\Mdat.hpp">
      <Filter>include</Filter>
    </ClInclude>
    <ClInclude Include="include\Mdhd.hpp">
      <Filter>include</Filter>
    </ClInclude>
    <ClInclude Include="include\Mdia.hpp">
      <Filter>include</Filter>
    </ClInclude>
    <ClInclude Include="include\MeanBox.hpp">
      <Filter>include</Filter>
    </ClInclude>
    <ClInclude Include="include\Meta.hpp">
      <Filter>include</Filter>
    </ClInclude>
    <ClInclude Include="include\Minf.hpp">
      <Filter>include</Filter>
    </ClInclude>
    <ClInclude Include="include\Moov.hpp">
      <Filter>include</Filter>
    </ClInclude>
    <ClInclude Include="include\Mp4a.hpp">
      <Filter>include</Filter>
    </ClInclude>
    <ClInclude Include="include\MPEG4_Parser.hpp">
      <Filter>include</Filter>
    </ClInclude>
    <ClInclude Include="include\MPEG4_SongFile.hpp">
      <Filter>include</Filter>
    </ClInclude>
    <ClInclude Include="include\MPEG4_Tree.hpp">
      <Filter>include</Filter>
    </ClInclude>
    <ClInclude Include="include\Mvhd.hpp">
      <Filter>include</Filter>
    </ClInclude>
    <ClInclude Include="include\Name.hpp">
      <Filter>include</Filter>
    </ClInclude>
    <ClInclude Include="include\Pinf.hpp">
      <Filter>include</Filter>
    </ClInclude>
    <ClInclude Include="include\Sbtd.hpp">
      <Filter>include</Filter>
    </ClInclude>
    <ClInclude Include="include\Smhd.hpp">
      <Filter>include</Filter>
    </ClInclude>
    <ClInclude Include="include\Stbl.hpp">
      <Filter>include</Filter>
    </ClInclude>
    <ClInclude Include="include\Stco.hpp">
      <Filter>include</Filter>
    </ClInclude>
    <ClInclude Include="include\Stsc.hpp">
      <Filter>include</Filter>
    </ClInclude>
    <ClInclude Include="include\Stsd.hpp">
      <Filter>include</Filter>
    </ClInclude>
    <ClInclude Include="include\Stsz.hpp">
      <Filter>include</Filter>
    </ClInclude>
    <ClInclude Include="include\Stts.hpp">
      <Filter>include</Filter>
    </ClInclude>
    <ClInclude Include="include\Tkhd.hpp">
      <Filter>include</Filter>
    </ClInclude>
    <ClInclude Include="include\Trak.hpp">
      <Filter>include</Filter>
    </ClInclude>
    <ClInclude Include="include\Udta.hpp">
      <Filter>include</Filter>
    </ClInclude>
    <ClInclude Include="include\UnknownBox.hpp">
      <Filter>include</Filter>
    </ClInclude>
    <ClInclude Include="include\UnknownBoxTypeException.hpp">
      <Filter>include</Filter>
    </ClInclude>
    <ClInclude Include="include\Url.hpp">
      <Filter>include</Filter>
    </ClInclude>
    <ClInclude Include="include\Xtra.hpp">
      <Filter>include</Filter>
    </ClInclude>
    <ClInclude Include="src\pch.h">
      <Filter>src</Filter>
    </ClInclude>
  </ItemGroup>
</Project>