<?xml version="1.0" encoding="utf-8"?>
<Project ToolsVersion="14.0" xmlns="http://schemas.microsoft.com/developer/msbuild/2003">
  <ItemGroup>
    <Filter Include="src">
      <UniqueIdentifier>{fe5a5df1-c91a-4df0-aca3-2f2278e5d8b4}</UniqueIdentifier>
    </Filter>
    <Filter Include="include">
      <UniqueIdentifier>{ccbca5f5-d706-4df3-9697-4dcb237d4c7e}</UniqueIdentifier>
    </Filter>
  </ItemGroup>
  <ItemGroup>
    <ClInclude Include="include\ALACMFTDecoder.hpp">
      <Filter>include</Filter>
    </ClInclude>
  </ItemGroup>
  <ItemGroup>
    <ClCompile Include="src\ALACMFTDecoder.cpp">
      <Filter>src</Filter>
    </ClCompile>
  </ItemGroup>
</Project>