<?xml version="1.0" encoding="utf-8"?>
<Project ToolsVersion="14.0" xmlns="http://schemas.microsoft.com/developer/msbuild/2003">
  <ItemGroup>
    <Filter Include="src">
      <UniqueIdentifier>{88a1fb9a-f8b0-4fdb-85a2-d258e6f20439}</UniqueIdentifier>
    </Filter>
    <Filter Include="include">
      <UniqueIdentifier>{c7b9cc63-7c46-4ba9-8e17-22dfa5186865}</UniqueIdentifier>
    </Filter>
  </ItemGroup>
  <ItemGroup>
    <ClInclude Include="include\AlbumArtLoader.hpp">
      <Filter>include</Filter>
    </ClInclude>
    <ClInclude Include="include\AlbumLoader.hpp">
      <Filter>include</Filter>
    </ClInclude>
    <ClInclude Include="include\MusicProvider.hpp">
      <Filter>include</Filter>
    </ClInclude>
    <ClInclude Include="include\MusicSearcher.hpp">
      <Filter>include</Filter>
    </ClInclude>
    <ClInclude Include="include\SongLoader.hpp">
      <Filter>include</Filter>
    </ClInclude>
    <ClInclude Include="include\SongSelector.hpp">
      <Filter>include</Filter>
    </ClInclude>
  </ItemGroup>
  <ItemGroup>
    <ClCompile Include="src\AlbumArtLoader.cpp">
      <Filter>src</Filter>
    </ClCompile>
    <ClCompile Include="src\AlbumLoader.cpp">
      <Filter>src</Filter>
    </ClCompile>
    <ClCompile Include="src\MusicProvider.cpp">
      <Filter>src</Filter>
    </ClCompile>
    <ClCompile Include="src\MusicSearcher.cpp">
      <Filter>src</Filter>
    </ClCompile>
    <ClCompile Include="src\SongLoader.cpp">
      <Filter>src</Filter>
    </ClCompile>
    <ClCompile Include="src\SongSelector.cpp">
      <Filter>src</Filter>
    </ClCompile>
  </ItemGroup>
</Project>