<?xml version="1.0" encoding="utf-8"?>
<Project ToolsVersion="4.0" xmlns="http://schemas.microsoft.com/developer/msbuild/2003">
  <ItemGroup>
    <ClCompile Include="src\MusicProvider.cpp">
      <Filter>src</Filter>
    </ClCompile>
    <ClCompile Include="src\SongIdMapper.cpp">
      <Filter>src</Filter>
    </ClCompile>
    <ClCompile Include="src\SongLoader.cpp">
      <Filter>src</Filter>
    </ClCompile>
    <ClCompile Include="src\SongSelector.cpp">
      <Filter>src</Filter>
    </ClCompile>
    <ClCompile Include="src\MusicSearcher.cpp">
      <Filter>src</Filter>
    </ClCompile>
  </ItemGroup>
  <ItemGroup>
    <ClInclude Include="include\IMusicProvider.hpp">
      <Filter>include</Filter>
    </ClInclude>
    <ClInclude Include="src\MusicProvider.hpp">
      <Filter>src</Filter>
    </ClInclude>
    <ClInclude Include="src\targetver.h">
      <Filter>src</Filter>
    </ClInclude>
    <ClInclude Include="src\SongIdMapper.hpp">
      <Filter>src</Filter>
    </ClInclude>
    <ClInclude Include="src\SongLoader.hpp">
      <Filter>src</Filter>
    </ClInclude>
    <ClInclude Include="include\SongSelector.hpp">
      <Filter>include</Filter>
    </ClInclude>
    <ClInclude Include="include\MusicSearcher.hpp">
      <Filter>include</Filter>
    </ClInclude>
  </ItemGroup>
  <ItemGroup>
    <Filter Include="include">
      <UniqueIdentifier>{d4aae2d8-0dd0-4ee8-9eb0-576f6ff3b1e5}</UniqueIdentifier>
    </Filter>
    <Filter Include="src">
      <UniqueIdentifier>{70a1e88c-6830-463c-a7be-2adedc61776e}</UniqueIdentifier>
    </Filter>
  </ItemGroup>
</Project>